<Solution>
  <Folder Name="/SpaceFleetSurveyTeam.Android/">
    <Project Path="SpaceFleetSurveyTeam.Android/SpaceFleetSurveyTeam.Android.csproj" />
  </Folder>
  <Folder Name="/SpaceFleetSurveyTeam.Desktop/">
    <Project Path="SpaceFleetSurveyTeam.Desktop/SpaceFleetSurveyTeam.Desktop.csproj" />
  </Folder>
  <Folder Name="/SpaceFleetSurveyTeam/">
    <Project Path="SpaceFleetSurveyTeam/SpaceFleetSurveyTeam.csproj" />
  </Folder>
</Solution>
